
Microsoft Visual Studio Solution File, Format Version 12.00
# Visual Studio Version 16
VisualStudioVersion = 16.0.29613.14
MinimumVisualStudioVersion = 10.0.40219.1
Project("{9A19103F-16F7-4668-BE54-9A1E7A4F7556}") = "bulk-attachment-delete", "bulk-attachment-delete\bulk-attachment-delete.csproj", "{7A61A2B1-AE90-42A5-A8BB-8739EA9D2945}"
EndProject
Global
	GlobalSection(SolutionConfigurationPlatforms) = preSolution
		Debug|Any CPU = Debug|Any CPU
		Release|Any CPU = Release|Any CPU
	EndGlobalSection
	GlobalSection(ProjectConfigurationPlatforms) = postSolution
		{7A61A2B1-AE90-42A5-A8BB-8739EA9D2945}.Debug|Any CPU.ActiveCfg = Debug|Any CPU
		{7A61A2B1-AE90-42A5-A8BB-8739EA9D2945}.Debug|Any CPU.Build.0 = Debug|Any CPU
		{7A61A2B1-AE90-42A5-A8BB-8739EA9D2945}.Release|Any CPU.ActiveCfg = Release|Any CPU
		{7A61A2B1-AE90-42A5-A8BB-8739EA9D2945}.Release|Any CPU.Build.0 = Release|Any CPU
	EndGlobalSection
	GlobalSection(SolutionProperties) = preSolution
		HideSolutionNode = FALSE
	EndGlobalSection
	GlobalSection(ExtensibilityGlobals) = postSolution
		SolutionGuid = {1C33BD2F-A365-4EEB-8340-80EC3917584B}
	EndGlobalSection
EndGlobal
